
Microsoft Visual Studio Solution File, Format Version 12.00
# Visual Studio Version 16
VisualStudioVersion = 16.0.31424.327
MinimumVisualStudioVersion = 10.0.40219.1
Project("{9A19103F-16F7-4668-BE54-9A1E7A4F7556}") = "CSharp", "CSharp.csproj", "{E52A9619-0721-48BB-9D72-AD3768E8831A}"
EndProject
Project("{FAE04EC0-301F-11D3-BF4B-00C04F79EFBC}") = "Encapsulamento", "Encapsulamento\Encapsulamento.csproj", "{55F21679-FAAD-4434-A9D4-D25339CA78AA}"
EndProject
Global
	GlobalSection(SolutionConfigurationPlatforms) = preSolution
		Debug|Any CPU = Debug|Any CPU
		Release|Any CPU = Release|Any CPU
	EndGlobalSection
	GlobalSection(ProjectConfigurationPlatforms) = postSolution
		{E52A9619-0721-48BB-9D72-AD3768E8831A}.Debug|Any CPU.ActiveCfg = Debug|Any CPU
		{E52A9619-0721-48BB-9D72-AD3768E8831A}.Debug|Any CPU.Build.0 = Debug|Any CPU
		{E52A9619-0721-48BB-9D72-AD3768E8831A}.Release|Any CPU.ActiveCfg = Release|Any CPU
		{E52A9619-0721-48BB-9D72-AD3768E8831A}.Release|Any CPU.Build.0 = Release|Any CPU
		{55F21679-FAAD-4434-A9D4-D25339CA78AA}.Debug|Any CPU.ActiveCfg = Debug|Any CPU
		{55F21679-FAAD-4434-A9D4-D25339CA78AA}.Debug|Any CPU.Build.0 = Debug|Any CPU
		{55F21679-FAAD-4434-A9D4-D25339CA78AA}.Release|Any CPU.ActiveCfg = Release|Any CPU
		{55F21679-FAAD-4434-A9D4-D25339CA78AA}.Release|Any CPU.Build.0 = Release|Any CPU
	EndGlobalSection
	GlobalSection(SolutionProperties) = preSolution
		HideSolutionNode = FALSE
	EndGlobalSection
	GlobalSection(ExtensibilityGlobals) = postSolution
		SolutionGuid = {52029C20-EFFC-4C8B-BDEB-2A6390EEC3EA}
	EndGlobalSection
EndGlobal
